
Microsoft Visual Studio Solution File, Format Version 12.00
# Visual Studio Version 17
VisualStudioVersion = 17.0.31903.59
MinimumVisualStudioVersion = 10.0.40219.1
Project("{FAE04EC0-301F-11D3-BF4B-00C04F79EFBC}") = "AzureBlob.API", "AzureBlob.API\AzureBlob.API.csproj", "{E3729720-4204-4BCC-AB6A-951AA0779DC5}"
EndProject
Global
	GlobalSection(SolutionConfigurationPlatforms) = preSolution
		Debug|Any CPU = Debug|Any CPU
		Release|Any CPU = Release|Any CPU
	EndGlobalSection
	GlobalSection(SolutionProperties) = preSolution
		HideSolutionNode = FALSE
	EndGlobalSection
	GlobalSection(ProjectConfigurationPlatforms) = postSolution
		{E3729720-4204-4BCC-AB6A-951AA0779DC5}.Debug|Any CPU.ActiveCfg = Debug|Any CPU
		{E3729720-4204-4BCC-AB6A-951AA0779DC5}.Debug|Any CPU.Build.0 = Debug|Any CPU
		{E3729720-4204-4BCC-AB6A-951AA0779DC5}.Release|Any CPU.ActiveCfg = Release|Any CPU
		{E3729720-4204-4BCC-AB6A-951AA0779DC5}.Release|Any CPU.Build.0 = Release|Any CPU
	EndGlobalSection
EndGlobal
